
Microsoft Visual Studio Solution File, Format Version 12.00
# Visual Studio Version 16
VisualStudioVersion = 16.0.29230.47
MinimumVisualStudioVersion = 10.0.40219.1
Project("{FAE04EC0-301F-11D3-BF4B-00C04F79EFBC}") = "CalculatorFinal", "CalculatorFinal.csproj", "{40028F1F-2A7E-4091-8B9C-A6C0B77BB052}"
EndProject
Global
	GlobalSection(SolutionConfigurationPlatforms) = preSolution
		Debug|Any CPU = Debug|Any CPU
		Release|Any CPU = Release|Any CPU
	EndGlobalSection
	GlobalSection(ProjectConfigurationPlatforms) = postSolution
		{40028F1F-2A7E-4091-8B9C-A6C0B77BB052}.Debug|Any CPU.ActiveCfg = Debug|Any CPU
		{40028F1F-2A7E-4091-8B9C-A6C0B77BB052}.Debug|Any CPU.Build.0 = Debug|Any CPU
		{40028F1F-2A7E-4091-8B9C-A6C0B77BB052}.Release|Any CPU.ActiveCfg = Release|Any CPU
		{40028F1F-2A7E-4091-8B9C-A6C0B77BB052}.Release|Any CPU.Build.0 = Release|Any CPU
	EndGlobalSection
	GlobalSection(SolutionProperties) = preSolution
		HideSolutionNode = FALSE
	EndGlobalSection
	GlobalSection(ExtensibilityGlobals) = postSolution
		SolutionGuid = {E51E0FF2-0215-4FF6-9259-F7B8CD976805}
	EndGlobalSection
EndGlobal
